# This file is automatically @generated by Cargo.
# It is not intended for manual editing.
version = 4

[[package]]
name = "control_flow"
version = "0.0.0"

[[package]]
name = "expression"
version = "0.0.0"

[[package]]
name = "format"
version = "0.0.0"

[[package]]
name = "function"
version = "0.0.0"

[[package]]
name = "primitive"
version = "0.0.0"

[[package]]
name = "variable"
version = "0.0.0"
